
Microsoft Visual Studio Solution File, Format Version 12.00
# Visual Studio 2013
VisualStudioVersion = 12.0.31101.0
MinimumVisualStudioVersion = 10.0.40219.1
Project("{2150E333-8FDC-42A3-9474-1A3956D46DE8}") = "library", "library", "{F512A4E0-F8BD-4758-8F01-462D9A3ECB97}"
EndProject
Project("{2150E333-8FDC-42A3-9474-1A3956D46DE8}") = "sharepoint", "sharepoint", "{CEEC88D8-9705-4123-89F6-29999F073512}"
EndProject
Project("{FAE04EC0-301F-11D3-BF4B-00C04F79EFBC}") = "Reyno.SPWebConfigTransforms.Library", "Reyno.SPWebConfigTransforms.Library\Reyno.SPWebConfigTransforms.Library.csproj", "{FA7F55BB-926E-498F-B072-30DFAE49FF1C}"
EndProject
Project("{FAE04EC0-301F-11D3-BF4B-00C04F79EFBC}") = "Reyno.SPWebConfigTransforms.Solution", "Reyno.SPWebConfigTransforms.Solution\Reyno.SPWebConfigTransforms.Solution.csproj", "{9974B100-AB41-4484-B74E-0453AED8D54B}"
EndProject
Project("{FAE04EC0-301F-11D3-BF4B-00C04F79EFBC}") = "DemoSolution", "DemoSolution\DemoSolution.csproj", "{52C390F1-C47C-462F-B31E-343D8A101547}"
EndProject
Project("{2150E333-8FDC-42A3-9474-1A3956D46DE8}") = "nuget", "nuget", "{8A30628F-BCFB-4FA9-97B4-10EABB54698D}"
	ProjectSection(SolutionItems) = preProject
		nuget\Package.nuspec = nuget\Package.nuspec
	EndProjectSection
EndProject
Project("{2150E333-8FDC-42A3-9474-1A3956D46DE8}") = "tools", "tools", "{BB9C39D2-1FA3-4448-8091-61DB2D86F4A7}"
	ProjectSection(SolutionItems) = preProject
		nuget\tools\install.ps1 = nuget\tools\install.ps1
		nuget\tools\uninstall.ps1 = nuget\tools\uninstall.ps1
	EndProjectSection
EndProject
Project("{2150E333-8FDC-42A3-9474-1A3956D46DE8}") = "lib", "lib", "{A1EE0BB6-C88C-4F99-BF3A-1884F77D236E}"
EndProject
Project("{2150E333-8FDC-42A3-9474-1A3956D46DE8}") = "net45", "net45", "{A21E6842-CE9F-43DC-BDAA-E281EA6DF60D}"
	ProjectSection(SolutionItems) = preProject
		nuget\lib\net45\Reyno.SharePoint.SPWebConfigTransforms.dll = nuget\lib\net45\Reyno.SharePoint.SPWebConfigTransforms.dll
	EndProjectSection
EndProject
Project("{2150E333-8FDC-42A3-9474-1A3956D46DE8}") = "Solution Items", "Solution Items", "{DAF044B7-D999-4E42-9587-24B6A3D78675}"
	ProjectSection(SolutionItems) = preProject
		..\README.md = ..\README.md
	EndProjectSection
EndProject
Global
	GlobalSection(SolutionConfigurationPlatforms) = preSolution
		Debug|Any CPU = Debug|Any CPU
		Release|Any CPU = Release|Any CPU
	EndGlobalSection
	GlobalSection(ProjectConfigurationPlatforms) = postSolution
		{FA7F55BB-926E-498F-B072-30DFAE49FF1C}.Debug|Any CPU.ActiveCfg = Debug|Any CPU
		{FA7F55BB-926E-498F-B072-30DFAE49FF1C}.Debug|Any CPU.Build.0 = Debug|Any CPU
		{FA7F55BB-926E-498F-B072-30DFAE49FF1C}.Release|Any CPU.ActiveCfg = Release|Any CPU
		{FA7F55BB-926E-498F-B072-30DFAE49FF1C}.Release|Any CPU.Build.0 = Release|Any CPU
		{9974B100-AB41-4484-B74E-0453AED8D54B}.Debug|Any CPU.ActiveCfg = Debug|Any CPU
		{9974B100-AB41-4484-B74E-0453AED8D54B}.Debug|Any CPU.Build.0 = Debug|Any CPU
		{9974B100-AB41-4484-B74E-0453AED8D54B}.Debug|Any CPU.Deploy.0 = Debug|Any CPU
		{9974B100-AB41-4484-B74E-0453AED8D54B}.Release|Any CPU.ActiveCfg = Release|Any CPU
		{9974B100-AB41-4484-B74E-0453AED8D54B}.Release|Any CPU.Build.0 = Release|Any CPU
		{9974B100-AB41-4484-B74E-0453AED8D54B}.Release|Any CPU.Deploy.0 = Release|Any CPU
		{52C390F1-C47C-462F-B31E-343D8A101547}.Debug|Any CPU.ActiveCfg = Debug|Any CPU
		{52C390F1-C47C-462F-B31E-343D8A101547}.Debug|Any CPU.Build.0 = Debug|Any CPU
		{52C390F1-C47C-462F-B31E-343D8A101547}.Debug|Any CPU.Deploy.0 = Debug|Any CPU
		{52C390F1-C47C-462F-B31E-343D8A101547}.Release|Any CPU.ActiveCfg = Release|Any CPU
		{52C390F1-C47C-462F-B31E-343D8A101547}.Release|Any CPU.Build.0 = Release|Any CPU
		{52C390F1-C47C-462F-B31E-343D8A101547}.Release|Any CPU.Deploy.0 = Release|Any CPU
	EndGlobalSection
	GlobalSection(SolutionProperties) = preSolution
		HideSolutionNode = FALSE
	EndGlobalSection
	GlobalSection(NestedProjects) = preSolution
		{FA7F55BB-926E-498F-B072-30DFAE49FF1C} = {F512A4E0-F8BD-4758-8F01-462D9A3ECB97}
		{9974B100-AB41-4484-B74E-0453AED8D54B} = {CEEC88D8-9705-4123-89F6-29999F073512}
		{52C390F1-C47C-462F-B31E-343D8A101547} = {CEEC88D8-9705-4123-89F6-29999F073512}
		{BB9C39D2-1FA3-4448-8091-61DB2D86F4A7} = {8A30628F-BCFB-4FA9-97B4-10EABB54698D}
		{A1EE0BB6-C88C-4F99-BF3A-1884F77D236E} = {8A30628F-BCFB-4FA9-97B4-10EABB54698D}
		{A21E6842-CE9F-43DC-BDAA-E281EA6DF60D} = {A1EE0BB6-C88C-4F99-BF3A-1884F77D236E}
	EndGlobalSection
EndGlobal
